
Microsoft Visual Studio Solution File, Format Version 12.00
# Visual Studio Version 17
VisualStudioVersion = 17.11.35222.181
MinimumVisualStudioVersion = 10.0.40219.1
Project("{FAE04EC0-301F-11D3-BF4B-00C04F79EFBC}") = "Calculator", "Calculator\Calculator.csproj", "{215731F2-2241-47A1-A49D-30E1DD644A06}"
EndProject
Global
	GlobalSection(SolutionConfigurationPlatforms) = preSolution
		Debug|Any CPU = Debug|Any CPU
		Release|Any CPU = Release|Any CPU
	EndGlobalSection
	GlobalSection(ProjectConfigurationPlatforms) = postSolution
		{215731F2-2241-47A1-A49D-30E1DD644A06}.Debug|Any CPU.ActiveCfg = Debug|Any CPU
		{215731F2-2241-47A1-A49D-30E1DD644A06}.Debug|Any CPU.Build.0 = Debug|Any CPU
		{215731F2-2241-47A1-A49D-30E1DD644A06}.Release|Any CPU.ActiveCfg = Release|Any CPU
		{215731F2-2241-47A1-A49D-30E1DD644A06}.Release|Any CPU.Build.0 = Release|Any CPU
	EndGlobalSection
	GlobalSection(SolutionProperties) = preSolution
		HideSolutionNode = FALSE
	EndGlobalSection
	GlobalSection(ExtensibilityGlobals) = postSolution
		SolutionGuid = {D391EF9D-BD54-46C0-ACB9-A019CD2EF516}
	EndGlobalSection
EndGlobal
