
Microsoft Visual Studio Solution File, Format Version 12.00
# Visual Studio Version 17
VisualStudioVersion = 17.11.35222.181
MinimumVisualStudioVersion = 10.0.40219.1
Project("{FAE04EC0-301F-11D3-BF4B-00C04F79EFBC}") = "Picture Viewer", "Picture Viewer\Picture Viewer.csproj", "{5531FBB0-26CC-4F9D-A3C8-30AF99DA108B}"
EndProject
Global
	GlobalSection(SolutionConfigurationPlatforms) = preSolution
		Debug|Any CPU = Debug|Any CPU
		Release|Any CPU = Release|Any CPU
	EndGlobalSection
	GlobalSection(ProjectConfigurationPlatforms) = postSolution
		{5531FBB0-26CC-4F9D-A3C8-30AF99DA108B}.Debug|Any CPU.ActiveCfg = Debug|Any CPU
		{5531FBB0-26CC-4F9D-A3C8-30AF99DA108B}.Debug|Any CPU.Build.0 = Debug|Any CPU
		{5531FBB0-26CC-4F9D-A3C8-30AF99DA108B}.Release|Any CPU.ActiveCfg = Release|Any CPU
		{5531FBB0-26CC-4F9D-A3C8-30AF99DA108B}.Release|Any CPU.Build.0 = Release|Any CPU
	EndGlobalSection
	GlobalSection(SolutionProperties) = preSolution
		HideSolutionNode = FALSE
	EndGlobalSection
	GlobalSection(ExtensibilityGlobals) = postSolution
		SolutionGuid = {5509E292-0266-405D-9EFB-F0E8330882BC}
	EndGlobalSection
EndGlobal
